Microsoft Visual Studio Solution File, Format Version 11.00
# Visual Studio 2008

Project("{7E72139C-0EDF-2E80-82B5-0B9E01A269E3}") = "Sharpe-Distortion", "Assembly-CSharp.csproj", "{8AAC7432-0BAA-4711-CCE1-1C91A21160E0}"
EndProject
Project("{7E72139C-0EDF-2E80-82B5-0B9E01A269E3}") = "Sharpe-Distortion", "Assembly-CSharp-Editor.csproj", "{3EBC0C49-2A29-5DE6-A454-78484AB06055}"
EndProject
Global
	GlobalSection(SolutionConfigurationPlatforms) = preSolution
		Debug|Any CPU = Debug|Any CPU
		Release|Any CPU = Release|Any CPU
	EndGlobalSection
	GlobalSection(ProjectConfigurationPlatforms) = postSolution
		{8AAC7432-0BAA-4711-CCE1-1C91A21160E0}.Debug|Any CPU.ActiveCfg = Debug|Any CPU
		{8AAC7432-0BAA-4711-CCE1-1C91A21160E0}.Debug|Any CPU.Build.0 = Debug|Any CPU
		{8AAC7432-0BAA-4711-CCE1-1C91A21160E0}.Release|Any CPU.ActiveCfg = Release|Any CPU
		{8AAC7432-0BAA-4711-CCE1-1C91A21160E0}.Release|Any CPU.Build.0 = Release|Any CPU
		{3EBC0C49-2A29-5DE6-A454-78484AB06055}.Debug|Any CPU.ActiveCfg = Debug|Any CPU
		{3EBC0C49-2A29-5DE6-A454-78484AB06055}.Debug|Any CPU.Build.0 = Debug|Any CPU
		{3EBC0C49-2A29-5DE6-A454-78484AB06055}.Release|Any CPU.ActiveCfg = Release|Any CPU
		{3EBC0C49-2A29-5DE6-A454-78484AB06055}.Release|Any CPU.Build.0 = Release|Any CPU
	EndGlobalSection
	GlobalSection(SolutionProperties) = preSolution
		HideSolutionNode = FALSE
	EndGlobalSection
																GlobalSection(MonoDevelopProperties) = preSolution
		StartupItem = Assembly-CSharp.csproj
		Policies = $0
		$0.TextStylePolicy = $1
		$1.inheritsSet = null
		$1.scope = text/x-csharp
		$0.CSharpFormattingPolicy = $2
		$2.inheritsSet = Mono
		$2.inheritsScope = text/x-csharp
		$2.scope = text/x-csharp
		$0.TextStylePolicy = $3
		$3.FileWidth = 120
		$3.TabWidth = 4
		$3.EolMarker = Unix
		$3.inheritsSet = Mono
		$3.inheritsScope = text/plain
		$3.scope = text/plain
	EndGlobalSection

EndGlobal
